// !$*UTF8*$!
{
	archiveVersion = 1;
	classes = {
	};
	objectVersion = 46;
	objects = {

/* Begin PBXBuildFile section */
		C31179C11CB5701E00E0D29B /* AppDelegate.swift in Sources */ = {isa = PBXBuildFile; fileRef = C31179C01CB5701E00E0D29B /* AppDelegate.swift */; };
		C31179C31CB5701E00E0D29B /* ViewController.swift in Sources */ = {isa = PBXBuildFile; fileRef = C31179C21CB5701E00E0D29B /* ViewController.swift */; };
		C31179C61CB5701E00E0D29B /* Main.storyboard in Resources */ = {isa = PBXBuildFile; fileRef = C31179C41CB5701E00E0D29B /* Main.storyboard */; };
		C31179C81CB5701E00E0D29B /* Assets.xcassets in Resources */ = {isa = PBXBuildFile; fileRef = C31179C71CB5701E00E0D29B /* Assets.xcassets */; };
		C31179CB1CB5701E00E0D29B /* LaunchScreen.storyboard in Resources */ = {isa = PBXBuildFile; fileRef = C31179C91CB5701E00E0D29B /* LaunchScreen.storyboard */; };
		C31179D31CB5749A00E0D29B /* PlaylistTableViewController.swift in Sources */ = {isa = PBXBuildFile; fileRef = C31179D21CB5749A00E0D29B /* PlaylistTableViewController.swift */; };
		C31179D51CB574AC00E0D29B /* SongTableViewController.swift in Sources */ = {isa = PBXBuildFile; fileRef = C31179D41CB574AC00E0D29B /* SongTableViewController.swift */; };
		C31179D71CB574B200E0D29B /* Song.swift in Sources */ = {isa = PBXBuildFile; fileRef = C31179D61CB574B200E0D29B /* Song.swift */; };
		C31179D91CB574B800E0D29B /* Playlist.swift in Sources */ = {isa = PBXBuildFile; fileRef = C31179D81CB574B800E0D29B /* Playlist.swift */; };
		C31179DB1CB574BE00E0D29B /* SongController.swift in Sources */ = {isa = PBXBuildFile; fileRef = C31179DA1CB574BE00E0D29B /* SongController.swift */; };
		C31179DD1CB574C700E0D29B /* PlaylistController.swift in Sources */ = {isa = PBXBuildFile; fileRef = C31179DC1CB574C700E0D29B /* PlaylistController.swift */; };
/* End PBXBuildFile section */

/* Begin PBXFileReference section */
		C31179BD1CB5701E00E0D29B /* PlaylistViewMiniLesson.app */ = {isa = PBXFileReference; explicitFileType = wrapper.application; includeInIndex = 0; path = PlaylistViewMiniLesson.app; sourceTree = BUILT_PRODUCTS_DIR; };
		C31179C01CB5701E00E0D29B /* AppDelegate.swift */ = {isa = PBXFileReference; lastKnownFileType = sourcecode.swift; path = AppDelegate.swift; sourceTree = "<group>"; };
		C31179C21CB5701E00E0D29B /* ViewController.swift */ = {isa = PBXFileReference; lastKnownFileType = sourcecode.swift; path = ViewController.swift; sourceTree = "<group>"; };
		C31179C51CB5701E00E0D29B /* Base */ = {isa = PBXFileReference; lastKnownFileType = file.storyboard; name = Base; path = Base.lproj/Main.storyboard; sourceTree = "<group>"; };
		C31179C71CB5701E00E0D29B /* Assets.xcassets */ = {isa = PBXFileReference; lastKnownFileType = folder.assetcatalog; path = Assets.xcassets; sourceTree = "<group>"; };
		C31179CA1CB5701E00E0D29B /* Base */ = {isa = PBXFileReference; lastKnownFileType = file.storyboard; name = Base; path = Base.lproj/LaunchScreen.storyboard; sourceTree = "<group>"; };
		C31179CC1CB5701E00E0D29B /* Info.plist */ = {isa = PBXFileReference; lastKnownFileType = text.plist.xml; path = Info.plist; sourceTree = "<group>"; };
		C31179D21CB5749A00E0D29B /* PlaylistTableViewController.swift */ = {isa = PBXFileReference; fileEncoding = 4; lastKnownFileType = sourcecode.swift; path = PlaylistTableViewController.swift; sourceTree = "<group>"; };
		C31179D41CB574AC00E0D29B /* SongTableViewController.swift */ = {isa = PBXFileReference; fileEncoding = 4; lastKnownFileType = sourcecode.swift; path = SongTableViewController.swift; sourceTree = "<group>"; };
		C31179D61CB574B200E0D29B /* Song.swift */ = {isa = PBXFileReference; fileEncoding = 4; lastKnownFileType = sourcecode.swift; path = Song.swift; sourceTree = "<group>"; };
		C31179D81CB574B800E0D29B /* Playlist.swift */ = {isa = PBXFileReference; fileEncoding = 4; lastKnownFileType = sourcecode.swift; path = Playlist.swift; sourceTree = "<group>"; };
		C31179DA1CB574BE00E0D29B /* SongController.swift */ = {isa = PBXFileReference; fileEncoding = 4; lastKnownFileType = sourcecode.swift; path = SongController.swift; sourceTree = "<group>"; };
		C31179DC1CB574C700E0D29B /* PlaylistController.swift */ = {isa = PBXFileReference; fileEncoding = 4; lastKnownFileType = sourcecode.swift; path = PlaylistController.swift; sourceTree = "<group>"; };
/* End PBXFileReference section */

/* Begin PBXFrameworksBuildPhase section */
		C31179BA1CB5701E00E0D29B /* Frameworks */ = {
			isa = PBXFrameworksBuildPhase;
			buildActionMask = 2147483647;
			files = (
			);
			runOnlyForDeploymentPostprocessing = 0;
		};
/* End PBXFrameworksBuildPhase section */

/* Begin PBXGroup section */
		C31179B41CB5701E00E0D29B = {
			isa = PBXGroup;
			children = (
				C31179BF1CB5701E00E0D29B /* PlaylistViewMiniLesson */,
				C31179BE1CB5701E00E0D29B /* Products */,
			);
			sourceTree = "<group>";
		};
		C31179BE1CB5701E00E0D29B /* Products */ = {
			isa = PBXGroup;
			children = (
				C31179BD1CB5701E00E0D29B /* PlaylistViewMiniLesson.app */,
			);
			name = Products;
			sourceTree = "<group>";
		};
		C31179BF1CB5701E00E0D29B /* PlaylistViewMiniLesson */ = {
			isa = PBXGroup;
			children = (
				C31179C01CB5701E00E0D29B /* AppDelegate.swift */,
				C31179C21CB5701E00E0D29B /* ViewController.swift */,
				C31179C41CB5701E00E0D29B /* Main.storyboard */,
				C31179D21CB5749A00E0D29B /* PlaylistTableViewController.swift */,
				C31179D41CB574AC00E0D29B /* SongTableViewController.swift */,
				C31179D61CB574B200E0D29B /* Song.swift */,
				C31179D81CB574B800E0D29B /* Playlist.swift */,
				C31179DA1CB574BE00E0D29B /* SongController.swift */,
				C31179DC1CB574C700E0D29B /* PlaylistController.swift */,
				C31179C71CB5701E00E0D29B /* Assets.xcassets */,
				C31179C91CB5701E00E0D29B /* LaunchScreen.storyboard */,
				C31179CC1CB5701E00E0D29B /* Info.plist */,
			);
			path = PlaylistViewMiniLesson;
			sourceTree = "<group>";
		};
/* End PBXGroup section */

/* Begin PBXNativeTarget section */
		C31179BC1CB5701E00E0D29B /* PlaylistViewMiniLesson */ = {
			isa = PBXNativeTarget;
			buildConfigurationList = C31179CF1CB5701E00E0D29B /* Build configuration list for PBXNativeTarget "PlaylistViewMiniLesson" */;
			buildPhases = (
				C31179B91CB5701E00E0D29B /* Sources */,
				C31179BA1CB5701E00E0D29B /* Frameworks */,
				C31179BB1CB5701E00E0D29B /* Resources */,
			);
			buildRules = (
			);
			dependencies = (
			);
			name = PlaylistViewMiniLesson;
			productName = PlaylistViewMiniLesson;
			productReference = C31179BD1CB5701E00E0D29B /* PlaylistViewMiniLesson.app */;
			productType = "com.apple.product-type.application";
		};
/* End PBXNativeTarget section */

/* Begin PBXProject section */
		C31179B51CB5701E00E0D29B /* Project object */ = {
			isa = PBXProject;
			attributes = {
				LastSwiftUpdateCheck = 0730;
				LastUpgradeCheck = 0730;
				ORGANIZATIONNAME = Vints;
				TargetAttributes = {
					C31179BC1CB5701E00E0D29B = {
						CreatedOnToolsVersion = 7.3;
					};
				};
			};
			buildConfigurationList = C31179B81CB5701E00E0D29B /* Build configuration list for PBXProject "PlaylistViewMiniLesson" */;
			compatibilityVersion = "Xcode 3.2";
			developmentRegion = English;
			hasScannedForEncodings = 0;
			knownRegions = (
				en,
				Base,
			);
			mainGroup = C31179B41CB5701E00E0D29B;
			productRefGroup = C31179BE1CB5701E00E0D29B /* Products */;
			projectDirPath = "";
			projectRoot = "";
			targets = (
				C31179BC1CB5701E00E0D29B /* PlaylistViewMiniLesson */,
			);
		};
/* End PBXProject section */

/* Begin PBXResourcesBuildPhase section */
		C31179BB1CB5701E00E0D29B /* Resources */ = {
			isa = PBXResourcesBuildPhase;
			buildActionMask = 2147483647;
			files = (
				C31179CB1CB5701E00E0D29B /* LaunchScreen.storyboard in Resources */,
				C31179C81CB5701E00E0D29B /* Assets.xcassets in Resources */,
				C31179C61CB5701E00E0D29B /* Main.storyboard in Resources */,
			);
			runOnlyForDeploymentPostprocessing = 0;
		};
/* End PBXResourcesBuildPhase section */

/* Begin PBXSourcesBuildPhase section */
		C31179B91CB5701E00E0D29B /* Sources */ = {
			isa = PBXSourcesBuildPhase;
			buildActionMask = 2147483647;
			files = (
				C31179DB1CB574BE00E0D29B /* SongController.swift in Sources */,
				C31179DD1CB574C700E0D29B /* PlaylistController.swift in Sources */,
				C31179C31CB5701E00E0D29B /* ViewController.swift in Sources */,
				C31179D31CB5749A00E0D29B /* PlaylistTableViewController.swift in Sources */,
				C31179D51CB574AC00E0D29B /* SongTableViewController.swift in Sources */,
				C31179C11CB5701E00E0D29B /* AppDelegate.swift in Sources */,
				C31179D71CB574B200E0D29B /* Song.swift in Sources */,
				C31179D91CB574B800E0D29B /* Playlist.swift in Sources */,
			);
			runOnlyForDeploymentPostprocessing = 0;
		};
/* End PBXSourcesBuildPhase section */

/* Begin PBXVariantGroup section */
		C31179C41CB5701E00E0D29B /* Main.storyboard */ = {
			isa = PBXVariantGroup;
			children = (
				C31179C51CB5701E00E0D29B /* Base */,
			);
			name = Main.storyboard;
			sourceTree = "<group>";
		};
		C31179C91CB5701E00E0D29B /* LaunchScreen.storyboard */ = {
			isa = PBXVariantGroup;
			children = (
				C31179CA1CB5701E00E0D29B /* Base */,
			);
			name = LaunchScreen.storyboard;
			sourceTree = "<group>";
		};
/* End PBXVariantGroup section */

/* Begin XCBuildConfiguration section */
		C31179CD1CB5701E00E0D29B /* Debug */ = {
			isa = XCBuildConfiguration;
			buildSettings = {
				ALWAYS_SEARCH_USER_PATHS = NO;
				CLANG_ANALYZER_NONNULL = YES;
				CLANG_CXX_LANGUAGE_STANDARD = "gnu++0x";
				CLANG_CXX_LIBRARY = "libc++";
				CLANG_ENABLE_MODULES = YES;
				CLANG_ENABLE_OBJC_ARC = YES;
				CLANG_WARN_BOOL_CONVERSION = YES;
				CLANG_WARN_CONSTANT_CONVERSION = YES;
				CLANG_WARN_DIRECT_OBJC_ISA_USAGE = YES_ERROR;
				CLANG_WARN_EMPTY_BODY = YES;
				CLANG_WARN_ENUM_CONVERSION = YES;
				CLANG_WARN_INT_CONVERSION = YES;
				CLANG_WARN_OBJC_ROOT_CLASS = YES_ERROR;
				CLANG_WARN_UNREACHABLE_CODE = YES;
				CLANG_WARN__DUPLICATE_METHOD_MATCH = YES;
				"CODE_SIGN_IDENTITY[sdk=iphoneos*]" = "iPhone Developer";
				COPY_PHASE_STRIP = NO;
				DEBUG_INFORMATION_FORMAT = dwarf;
				ENABLE_STRICT_OBJC_MSGSEND = YES;
				ENABLE_TESTABILITY = YES;
				GCC_C_LANGUAGE_STANDARD = gnu99;
				GCC_DYNAMIC_NO_PIC = NO;
				GCC_NO_COMMON_BLOCKS = YES;
				GCC_OPTIMIZATION_LEVEL = 0;
				GCC_PREPROCESSOR_DEFINITIONS = (
					"DEBUG=1",
					"$(inherited)",
				);
				GCC_WARN_64_TO_32_BIT_CONVERSION = YES;
				GCC_WARN_ABOUT_RETURN_TYPE = YES_ERROR;
				GCC_WARN_UNDECLARED_SELECTOR = YES;
				GCC_WARN_UNINITIALIZED_AUTOS = YES_AGGRESSIVE;
				GCC_WARN_UNUSED_FUNCTION = YES;
				GCC_WARN_UNUSED_VARIABLE = YES;
				IPHONEOS_DEPLOYMENT_TARGET = 9.3;
				MTL_ENABLE_DEBUG_INFO = YES;
				ONLY_ACTIVE_ARCH = YES;
				SDKROOT = iphoneos;
				SWIFT_OPTIMIZATION_LEVEL = "-Onone";
				TARGETED_DEVICE_FAMILY = "1,2";
			};
			name = Debug;
		};
		C31179CE1CB5701E00E0D29B /* Release */ = {
			isa = XCBuildConfiguration;
			buildSettings = {
				ALWAYS_SEARCH_USER_PATHS = NO;
				CLANG_ANALYZER_NONNULL = YES;
				CLANG_CXX_LANGUAGE_STANDARD = "gnu++0x";
				CLANG_CXX_LIBRARY = "libc++";
				CLANG_ENABLE_MODULES = YES;
				CLANG_ENABLE_OBJC_ARC = YES;
				CLANG_WARN_BOOL_CONVERSION = YES;
				CLANG_WARN_CONSTANT_CONVERSION = YES;
				CLANG_WARN_DIRECT_OBJC_ISA_USAGE = YES_ERROR;
				CLANG_WARN_EMPTY_BODY = YES;
				CLANG_WARN_ENUM_CONVERSION = YES;
				CLANG_WARN_INT_CONVERSION = YES;
				CLANG_WARN_OBJC_ROOT_CLASS = YES_ERROR;
				CLANG_WARN_UNREACHABLE_CODE = YES;
				CLANG_WARN__DUPLICATE_METHOD_MATCH = YES;
				"CODE_SIGN_IDENTITY[sdk=iphoneos*]" = "iPhone Developer";
				COPY_PHASE_STRIP = NO;
				DEBUG_INFORMATION_FORMAT = "dwarf-with-dsym";
				ENABLE_NS_ASSERTIONS = NO;
				ENABLE_STRICT_OBJC_MSGSEND = YES;
				GCC_C_LANGUAGE_STANDARD = gnu99;
				GCC_NO_COMMON_BLOCKS = YES;
				GCC_WARN_64_TO_32_BIT_CONVERSION = YES;
				GCC_WARN_ABOUT_RETURN_TYPE = YES_ERROR;
				GCC_WARN_UNDECLARED_SELECTOR = YES;
				GCC_WARN_UNINITIALIZED_AUTOS = YES_AGGRESSIVE;
				GCC_WARN_UNUSED_FUNCTION = YES;
				GCC_WARN_UNUSED_VARIABLE = YES;
				IPHONEOS_DEPLOYMENT_TARGET = 9.3;
				MTL_ENABLE_DEBUG_INFO = NO;
				SDKROOT = iphoneos;
				TARGETED_DEVICE_FAMILY = "1,2";
				VALIDATE_PRODUCT = YES;
			};
			name = Release;
		};
		C31179D01CB5701E00E0D29B /* Debug */ = {
			isa = XCBuildConfiguration;
			buildSettings = {
				ASSETCATALOG_COMPILER_APPICON_NAME = AppIcon;
				INFOPLIST_FILE = PlaylistViewMiniLesson/Info.plist;
				LD_RUNPATH_SEARCH_PATHS = "$(inherited) @executable_path/Frameworks";
				PRODUCT_BUNDLE_IDENTIFIER = "com-snow-van.twitter.PlaylistViewMiniLesson";
				PRODUCT_NAME = "$(TARGET_NAME)";
			};
			name = Debug;
		};
		C31179D11CB5701E00E0D29B /* Release */ = {
			isa = XCBuildConfiguration;
			buildSettings = {
				ASSETCATALOG_COMPILER_APPICON_NAME = AppIcon;
				INFOPLIST_FILE = PlaylistViewMiniLesson/Info.plist;
				LD_RUNPATH_SEARCH_PATHS = "$(inherited) @executable_path/Frameworks";
				PRODUCT_BUNDLE_IDENTIFIER = "com-snow-van.twitter.PlaylistViewMiniLesson";
				PRODUCT_NAME = "$(TARGET_NAME)";
			};
			name = Release;
		};
/* End XCBuildConfiguration section */

/* Begin XCConfigurationList section */
		C31179B81CB5701E00E0D29B /* Build configuration list for PBXProject "PlaylistViewMiniLesson" */ = {
			isa = XCConfigurationList;
			buildConfigurations = (
				C31179CD1CB5701E00E0D29B /* Debug */,
				C31179CE1CB5701E00E0D29B /* Release */,
			);
			defaultConfigurationIsVisible = 0;
			defaultConfigurationName = Release;
		};
		C31179CF1CB5701E00E0D29B /* Build configuration list for PBXNativeTarget "PlaylistViewMiniLesson" */ = {
			isa = XCConfigurationList;
			buildConfigurations = (
				C31179D01CB5701E00E0D29B /* Debug */,
				C31179D11CB5701E00E0D29B /* Release */,
			);
			defaultConfigurationIsVisible = 0;
		};
/* End XCConfigurationList section */
	};
	rootObject = C31179B51CB5701E00E0D29B /* Project object */;
}
